
Microsoft Visual Studio Solution File, Format Version 12.00
# Visual Studio Version 17
VisualStudioVersion = 17.2.32516.85
MinimumVisualStudioVersion = 10.0.40219.1
Project("{9A19103F-16F7-4668-BE54-9A1E7A4F7556}") = "RazorKebab", "RazorKebab\RazorKebab.csproj", "{AC942C46-AA98-4391-97F8-1FDAA13C8958}"
EndProject
Global
	GlobalSection(SolutionConfigurationPlatforms) = preSolution
		Debug|Any CPU = Debug|Any CPU
		Release|Any CPU = Release|Any CPU
	EndGlobalSection
	GlobalSection(ProjectConfigurationPlatforms) = postSolution
		{AC942C46-AA98-4391-97F8-1FDAA13C8958}.Debug|Any CPU.ActiveCfg = Debug|Any CPU
		{AC942C46-AA98-4391-97F8-1FDAA13C8958}.Debug|Any CPU.Build.0 = Debug|Any CPU
		{AC942C46-AA98-4391-97F8-1FDAA13C8958}.Release|Any CPU.ActiveCfg = Release|Any CPU
		{AC942C46-AA98-4391-97F8-1FDAA13C8958}.Release|Any CPU.Build.0 = Release|Any CPU
	EndGlobalSection
	GlobalSection(SolutionProperties) = preSolution
		HideSolutionNode = FALSE
	EndGlobalSection
	GlobalSection(ExtensibilityGlobals) = postSolution
		SolutionGuid = {803958D7-C790-460D-BCCF-FED6C15A8E36}
	EndGlobalSection
EndGlobal
